
Microsoft Visual Studio Solution File, Format Version 12.00
# Visual Studio 15
VisualStudioVersion = 15.0.28010.2050
MinimumVisualStudioVersion = 10.0.40219.1
Project("{F184B08F-C81C-45F6-A57F-5ABD9991F28F}") = "janPrereleaseCode2019", "janPrereleaseCode2019\janPrereleaseCode2019.vbproj", "{378510BF-14CD-496D-9F15-81A74FDA2B2B}"
EndProject
Global
	GlobalSection(SolutionConfigurationPlatforms) = preSolution
		Debug|Any CPU = Debug|Any CPU
		Release|Any CPU = Release|Any CPU
	EndGlobalSection
	GlobalSection(ProjectConfigurationPlatforms) = postSolution
		{378510BF-14CD-496D-9F15-81A74FDA2B2B}.Debug|Any CPU.ActiveCfg = Debug|Any CPU
		{378510BF-14CD-496D-9F15-81A74FDA2B2B}.Debug|Any CPU.Build.0 = Debug|Any CPU
		{378510BF-14CD-496D-9F15-81A74FDA2B2B}.Release|Any CPU.ActiveCfg = Release|Any CPU
		{378510BF-14CD-496D-9F15-81A74FDA2B2B}.Release|Any CPU.Build.0 = Release|Any CPU
	EndGlobalSection
	GlobalSection(SolutionProperties) = preSolution
		HideSolutionNode = FALSE
	EndGlobalSection
	GlobalSection(ExtensibilityGlobals) = postSolution
		SolutionGuid = {BE34D78E-EB24-43E8-86E0-78FD3DD24E86}
	EndGlobalSection
EndGlobal
